
Microsoft Visual Studio Solution File, Format Version 12.00
# Visual Studio Version 17
VisualStudioVersion = 17.9.34728.123
MinimumVisualStudioVersion = 10.0.40219.1
Project("{FAE04EC0-301F-11D3-BF4B-00C04F79EFBC}") = "azizov_abdulaziz_bilet_21", "azizov_abdulaziz_bilet_21.csproj", "{716193F8-D997-4EB9-9222-2586C450D90C}"
EndProject
Global
	GlobalSection(SolutionConfigurationPlatforms) = preSolution
		Debug|Any CPU = Debug|Any CPU
		Release|Any CPU = Release|Any CPU
	EndGlobalSection
	GlobalSection(ProjectConfigurationPlatforms) = postSolution
		{716193F8-D997-4EB9-9222-2586C450D90C}.Debug|Any CPU.ActiveCfg = Debug|Any CPU
		{716193F8-D997-4EB9-9222-2586C450D90C}.Debug|Any CPU.Build.0 = Debug|Any CPU
		{716193F8-D997-4EB9-9222-2586C450D90C}.Release|Any CPU.ActiveCfg = Release|Any CPU
		{716193F8-D997-4EB9-9222-2586C450D90C}.Release|Any CPU.Build.0 = Release|Any CPU
	EndGlobalSection
	GlobalSection(SolutionProperties) = preSolution
		HideSolutionNode = FALSE
	EndGlobalSection
	GlobalSection(ExtensibilityGlobals) = postSolution
		SolutionGuid = {2884A6DA-DDAA-49C2-8CB7-3968083E8240}
	EndGlobalSection
EndGlobal
